# This file is automatically @generated by Cargo.
# It is not intended for manual editing.
version = 3

[[package]]
name = "arrayvec"
version = "0.7.2"
source = "registry+https://github.com/rust-lang/crates.io-index"
checksum = "8da52d66c7071e2e3fa2a1e5c6d088fec47b593032b254f5e980de8ea54454d6"

[[package]]
name = "cc"
version = "1.0.73"
source = "registry+https://github.com/rust-lang/crates.io-index"
checksum = "2fff2a6927b3bb87f9595d67196a70493f627687a71d87a0d692242c33f58c11"
dependencies = [
 "jobserver",
]

[[package]]
name = "gnu-libjit"
version = "0.1.1"
dependencies = [
 "gnu-libjit-sys",
 "libc",
]

[[package]]
name = "gnu-libjit-sys"
version = "0.0.1"
source = "registry+https://github.com/rust-lang/crates.io-index"
checksum = "74ccfb9212f99379c14484d9d82108c1383f7be7521d54d1a53f64bd0cffac10"
dependencies = [
 "cc",
 "libc",
 "pkg-config",
]

[[package]]
name = "immutable-chunkmap"
version = "1.0.1"
source = "registry+https://github.com/rust-lang/crates.io-index"
checksum = "9f4935d692a73e65f929e34b6b801bbc158647a017882c2c28624d121a1a1162"
dependencies = [
 "arrayvec",
 "packed_struct",
 "packed_struct_codegen",
]

[[package]]
name = "jobserver"
version = "0.1.24"
source = "registry+https://github.com/rust-lang/crates.io-index"
checksum = "af25a77299a7f711a01975c35a6a424eb6862092cc2d6c72c4ed6cbc56dfc1fa"
dependencies = [
 "libc",
]

[[package]]
name = "libc"
version = "0.2.126"
source = "registry+https://github.com/rust-lang/crates.io-index"
checksum = "349d5a591cd28b49e1d1037471617a32ddcda5731b99419008085f72d5a53836"

[[package]]
name = "llvm-awk"
version = "0.1.0"
dependencies = [
 "gnu-libjit",
 "immutable-chunkmap",
]

[[package]]
name = "packed_struct"
version = "0.6.1"
source = "registry+https://github.com/rust-lang/crates.io-index"
checksum = "d4e1e99bfad1f9eb1d5d775ce5f73694a93178376b6dc34c30eddce6f1bcf5f2"
dependencies = [
 "packed_struct_codegen",
 "serde",
]

[[package]]
name = "packed_struct_codegen"
version = "0.6.1"
source = "registry+https://github.com/rust-lang/crates.io-index"
checksum = "f8731210ac3e7bff5f86094b9f5b83a84d44965ce3e0b6c3ea827854a28d696c"
dependencies = [
 "proc-macro2",
 "quote",
 "syn",
]

[[package]]
name = "pkg-config"
version = "0.3.25"
source = "registry+https://github.com/rust-lang/crates.io-index"
checksum = "1df8c4ec4b0627e53bdf214615ad287367e482558cf84b109250b37464dc03ae"

[[package]]
name = "proc-macro2"
version = "1.0.40"
source = "registry+https://github.com/rust-lang/crates.io-index"
checksum = "dd96a1e8ed2596c337f8eae5f24924ec83f5ad5ab21ea8e455d3566c69fbcaf7"
dependencies = [
 "unicode-ident",
]

[[package]]
name = "quote"
version = "1.0.20"
source = "registry+https://github.com/rust-lang/crates.io-index"
checksum = "3bcdf212e9776fbcb2d23ab029360416bb1706b1aea2d1a5ba002727cbcab804"
dependencies = [
 "proc-macro2",
]

[[package]]
name = "serde"
version = "1.0.137"
source = "registry+https://github.com/rust-lang/crates.io-index"
checksum = "61ea8d54c77f8315140a05f4c7237403bf38b72704d031543aa1d16abbf517d1"

[[package]]
name = "syn"
version = "1.0.98"
source = "registry+https://github.com/rust-lang/crates.io-index"
checksum = "c50aef8a904de4c23c788f104b7dddc7d6f79c647c7c8ce4cc8f73eb0ca773dd"
dependencies = [
 "proc-macro2",
 "quote",
 "unicode-ident",
]

[[package]]
name = "unicode-ident"
version = "1.0.1"
source = "registry+https://github.com/rust-lang/crates.io-index"
checksum = "5bd2fe26506023ed7b5e1e315add59d6f584c621d037f9368fea9cfb988f368c"
